{
  "name": "sample-app",
  "version": "1.0.0",
  "lockfileVersion": 2,
  "requires": true,
  "packages": {
    "": {
      "version": "1.0.0",
      "license": "ISC",
      "dependencies": {
        "sm-pk": "^2.0.0"
      }
    },
    "node_modules/sm-pk": {
      "version": "2.0.0",
      "resolved": "https://registry.npmjs.org/sm-pk/-/sm-pk-2.0.0.tgz",
      "integrity": "sha512-l2lan8r7ajJK7A4GpjABDA3wVv1bV0VEuITIZlbn5gFMhiJ5XYHrU1hzWIRT7ARwAz62R/DYYfUhpVBjmhu77g=="
    }
  },
  "dependencies": {
    "sm-pk": {
      "version": "2.0.0",
      "resolved": "https://registry.npmjs.org/sm-pk/-/sm-pk-2.0.0.tgz",
      "integrity": "sha512-l2lan8r7ajJK7A4GpjABDA3wVv1bV0VEuITIZlbn5gFMhiJ5XYHrU1hzWIRT7ARwAz62R/DYYfUhpVBjmhu77g=="
    }
  }
}
